
Microsoft Visual Studio Solution File, Format Version 12.00
# Visual Studio Version 17
VisualStudioVersion = 17.7.34031.279
MinimumVisualStudioVersion = 10.0.40219.1
Project("{FAE04EC0-301F-11D3-BF4B-00C04F79EFBC}") = "SistemaGerarCodigoBarra", "SistemaGerarCodigoBarra\SistemaGerarCodigoBarra.csproj", "{B55E401B-7788-4ABC-A9E5-23859B55CCB2}"
EndProject
Global
	GlobalSection(SolutionConfigurationPlatforms) = preSolution
		Debug|Any CPU = Debug|Any CPU
		Release|Any CPU = Release|Any CPU
	EndGlobalSection
	GlobalSection(ProjectConfigurationPlatforms) = postSolution
		{B55E401B-7788-4ABC-A9E5-23859B55CCB2}.Debug|Any CPU.ActiveCfg = Debug|Any CPU
		{B55E401B-7788-4ABC-A9E5-23859B55CCB2}.Debug|Any CPU.Build.0 = Debug|Any CPU
		{B55E401B-7788-4ABC-A9E5-23859B55CCB2}.Release|Any CPU.ActiveCfg = Release|Any CPU
		{B55E401B-7788-4ABC-A9E5-23859B55CCB2}.Release|Any CPU.Build.0 = Release|Any CPU
	EndGlobalSection
	GlobalSection(SolutionProperties) = preSolution
		HideSolutionNode = FALSE
	EndGlobalSection
	GlobalSection(ExtensibilityGlobals) = postSolution
		SolutionGuid = {2DB6B714-7A3C-4BE0-9496-8C5168BA1E34}
	EndGlobalSection
EndGlobal
